# THIS IS AN AUTOGENERATED FILE. DO NOT EDIT THIS FILE DIRECTLY.
# yarn lockfile v1


"@vee-validate/zod@^4.15.1":
  version "4.15.1"
  resolved "https://registry.yarnpkg.com/@vee-validate/zod/-/zod-4.15.1.tgz#69d583c175305e50e5cdcb1db840601d3a5a984e"
  integrity sha512-329Z4TDBE5Vx0FdbA8S4eR9iGCFFUNGbxjpQ20ff5b5wGueScjocUIx9JHPa79LTG06RnlUR4XogQsjN4tecKA==
  dependencies:
    type-fest "^4.8.3"
    vee-validate "4.15.1"

"@vue/devtools-api@^7.5.2":
  version "7.7.7"
  resolved "https://registry.yarnpkg.com/@vue/devtools-api/-/devtools-api-7.7.7.tgz#5ef5f55f60396220725a273548c0d7ee983d5d34"
  integrity sha512-lwOnNBH2e7x1fIIbVT7yF5D+YWhqELm55/4ZKf45R9T8r9dE2AIOy8HKjfqzGsoTHFbWbr337O4E0A0QADnjBg==
  dependencies:
    "@vue/devtools-kit" "^7.7.7"

"@vue/devtools-kit@^7.7.7":
  version "7.7.7"
  resolved "https://registry.yarnpkg.com/@vue/devtools-kit/-/devtools-kit-7.7.7.tgz#41a64f9526e9363331c72405544df020ce2e3641"
  integrity sha512-wgoZtxcTta65cnZ1Q6MbAfePVFxfM+gq0saaeytoph7nEa7yMXoi6sCPy4ufO111B9msnw0VOWjPEFCXuAKRHA==
  dependencies:
    "@vue/devtools-shared" "^7.7.7"
    birpc "^2.3.0"
    hookable "^5.5.3"
    mitt "^3.0.1"
    perfect-debounce "^1.0.0"
    speakingurl "^14.0.1"
    superjson "^2.2.2"

"@vue/devtools-shared@^7.7.7":
  version "7.7.7"
  resolved "https://registry.yarnpkg.com/@vue/devtools-shared/-/devtools-shared-7.7.7.tgz#ff14aa8c1262ebac8c0397d3b09f767cd489750c"
  integrity sha512-+udSj47aRl5aKb0memBvcUG9koarqnxNM5yjuREvqwK6T3ap4mn3Zqqc17QrBFTqSMjr3HK1cvStEZpMDpfdyw==
  dependencies:
    rfdc "^1.4.1"

birpc@^2.3.0:
  version "2.4.0"
  resolved "https://registry.yarnpkg.com/birpc/-/birpc-2.4.0.tgz#045368a4a30d659c6c06c9215b11cb384903249c"
  integrity sha512-5IdNxTyhXHv2UlgnPHQ0h+5ypVmkrYHzL8QT+DwFZ//2N/oNV8Ch+BCRmTJ3x6/z9Axo/cXYBc9eprsUVK/Jsg==

copy-anything@^3.0.2:
  version "3.0.5"
  resolved "https://registry.yarnpkg.com/copy-anything/-/copy-anything-3.0.5.tgz#2d92dce8c498f790fa7ad16b01a1ae5a45b020a0"
  integrity sha512-yCEafptTtb4bk7GLEQoM8KVJpxAfdBJYaXyzQEgQQQgYrZiDp8SJmGKlYza6CYjEDNstAdNdKA3UuoULlEbS6w==
  dependencies:
    is-what "^4.1.8"

hookable@^5.5.3:
  version "5.5.3"
  resolved "https://registry.yarnpkg.com/hookable/-/hookable-5.5.3.tgz#6cfc358984a1ef991e2518cb9ed4a778bbd3215d"
  integrity sha512-Yc+BQe8SvoXH1643Qez1zqLRmbA5rCL+sSmk6TVos0LWVfNIB7PGncdlId77WzLGSIB5KaWgTaNTs2lNVEI6VQ==

is-what@^4.1.8:
  version "4.1.16"
  resolved "https://registry.yarnpkg.com/is-what/-/is-what-4.1.16.tgz#1ad860a19da8b4895ad5495da3182ce2acdd7a6f"
  integrity sha512-ZhMwEosbFJkA0YhFnNDgTM4ZxDRsS6HqTo7qsZM08fehyRYIYa0yHu5R6mgo1n/8MgaPBXiPimPD77baVFYg+A==

mitt@^3.0.1:
  version "3.0.1"
  resolved "https://registry.yarnpkg.com/mitt/-/mitt-3.0.1.tgz#ea36cf0cc30403601ae074c8f77b7092cdab36d1"
  integrity sha512-vKivATfr97l2/QBCYAkXYDbrIWPM2IIKEl7YPhjCvKlG3kE2gm+uBo6nEXK3M5/Ffh/FLpKExzOQ3JJoJGFKBw==

perfect-debounce@^1.0.0:
  version "1.0.0"
  resolved "https://registry.yarnpkg.com/perfect-debounce/-/perfect-debounce-1.0.0.tgz#9c2e8bc30b169cc984a58b7d5b28049839591d2a"
  integrity sha512-xCy9V055GLEqoFaHoC1SoLIaLmWctgCUaBaWxDZ7/Zx4CTyX7cJQLJOok/orfjZAh9kEYpjJa4d0KcJmCbctZA==

rfdc@^1.4.1:
  version "1.4.1"
  resolved "https://registry.yarnpkg.com/rfdc/-/rfdc-1.4.1.tgz#778f76c4fb731d93414e8f925fbecf64cce7f6ca"
  integrity sha512-q1b3N5QkRUWUl7iyylaaj3kOpIT0N2i9MqIEQXP73GVsN9cw3fdx8X63cEmWhJGi2PPCF23Ijp7ktmd39rawIA==

speakingurl@^14.0.1:
  version "14.0.1"
  resolved "https://registry.yarnpkg.com/speakingurl/-/speakingurl-14.0.1.tgz#f37ec8ddc4ab98e9600c1c9ec324a8c48d772a53"
  integrity sha512-1POYv7uv2gXoyGFpBCmpDVSNV74IfsWlDW216UPjbWufNf+bSU6GdbDsxdcxtfwb4xlI3yxzOTKClUosxARYrQ==

superjson@^2.2.2:
  version "2.2.2"
  resolved "https://registry.yarnpkg.com/superjson/-/superjson-2.2.2.tgz#9d52bf0bf6b5751a3c3472f1292e714782ba3173"
  integrity sha512-5JRxVqC8I8NuOUjzBbvVJAKNM8qoVuH0O77h4WInc/qC2q5IreqKxYwgkga3PfA22OayK2ikceb/B26dztPl+Q==
  dependencies:
    copy-anything "^3.0.2"

type-fest@^4.8.3:
  version "4.41.0"
  resolved "https://registry.yarnpkg.com/type-fest/-/type-fest-4.41.0.tgz#6ae1c8e5731273c2bf1f58ad39cbae2c91a46c58"
  integrity sha512-TeTSQ6H5YHvpqVwBRcnLDCBnDOHWYu7IvGbHT6N8AOymcr9PJGjc1GTtiWZTYg0NCgYwvnYWEkVChQAr9bjfwA==

vee-validate@4.15.1, vee-validate@^4.15.1:
  version "4.15.1"
  resolved "https://registry.yarnpkg.com/vee-validate/-/vee-validate-4.15.1.tgz#66e787e88916baa05f42e53bc0848e0878d50f91"
  integrity sha512-DkFsiTwEKau8VIxyZBGdO6tOudD+QoUBPuHj3e6QFqmbfCRj1ArmYWue9lEp6jLSWBIw4XPlDLjFIZNLdRAMSg==
  dependencies:
    "@vue/devtools-api" "^7.5.2"
    type-fest "^4.8.3"
